// !$*UTF8*$!
{
	archiveVersion = 1;
	classes = {
	};
	objectVersion = 48;
	objects = {

/* Begin PBXBuildFile section */
		000F6206282D2C25000B4077 /* Component.cpp in Sources */ = {isa = PBXBuildFile; fileRef = 000F6205282D2C25000B4077 /* Component.cpp */; };
		002EB7F0282C8FD400A7CDC9 /* Steinberg.cpp in Sources */ = {isa = PBXBuildFile; fileRef = 002EB7EF282C8FD400A7CDC9 /* Steinberg.cpp */; };
		0079C1BC2829C5AD0045EAD7 /* ASD.cpp in Sources */ = {isa = PBXBuildFile; fileRef = 0079C1BA2829C5AD0045EAD7 /* ASD.cpp */; };
		0079C1C6282AA1B60045EAD7 /* SCRATCH.cpp in Sources */ = {isa = PBXBuildFile; fileRef = 0079C1C5282AA1B60045EAD7 /* SCRATCH.cpp */; };
		0079C1C8282AA1D20045EAD7 /* main_driver.cpp in Sources */ = {isa = PBXBuildFile; fileRef = 0079C1C7282AA1D20045EAD7 /* main_driver.cpp */; };
/* End PBXBuildFile section */

/* Begin PBXCopyFilesBuildPhase section */
		0079C1AE2829C5970045EAD7 /* CopyFiles */ = {
			isa = PBXCopyFilesBuildPhase;
			buildActionMask = 2147483647;
			dstPath = /usr/share/man/man1/;
			dstSubfolderSpec = 0;
			files = (
			);
			runOnlyForDeploymentPostprocessing = 1;
		};
/* End PBXCopyFilesBuildPhase section */

/* Begin PBXFileReference section */
		000F6204282D2C11000B4077 /* Component.h */ = {isa = PBXFileReference; lastKnownFileType = sourcecode.c.h; name = Component.h; path = ../../src/Component.h; sourceTree = "<group>"; };
		000F6205282D2C25000B4077 /* Component.cpp */ = {isa = PBXFileReference; lastKnownFileType = sourcecode.cpp.cpp; name = Component.cpp; path = ../../src/Component.cpp; sourceTree = "<group>"; };
		000F6207282E76E1000B4077 /* Components.h */ = {isa = PBXFileReference; lastKnownFileType = sourcecode.c.h; name = Components.h; path = ../../src/Components.h; sourceTree = "<group>"; };
		002EB7EE282C8FBD00A7CDC9 /* Steinberg.h */ = {isa = PBXFileReference; lastKnownFileType = sourcecode.c.h; name = Steinberg.h; path = ../../src/Steinberg.h; sourceTree = "<group>"; };
		002EB7EF282C8FD400A7CDC9 /* Steinberg.cpp */ = {isa = PBXFileReference; lastKnownFileType = sourcecode.cpp.cpp; name = Steinberg.cpp; path = ../../src/Steinberg.cpp; sourceTree = "<group>"; };
		0079C1B02829C5970045EAD7 /* packaging-toolbox */ = {isa = PBXFileReference; explicitFileType = "compiled.mach-o.executable"; includeInIndex = 0; path = "packaging-toolbox"; sourceTree = BUILT_PRODUCTS_DIR; };
		0079C1BA2829C5AD0045EAD7 /* ASD.cpp */ = {isa = PBXFileReference; fileEncoding = 4; lastKnownFileType = sourcecode.cpp.cpp; name = ASD.cpp; path = ../../src/ASD.cpp; sourceTree = "<group>"; };
		0079C1BB2829C5AD0045EAD7 /* ASD.h */ = {isa = PBXFileReference; fileEncoding = 4; lastKnownFileType = sourcecode.c.h; name = ASD.h; path = ../../src/ASD.h; sourceTree = "<group>"; };
		0079C1C4282AA1990045EAD7 /* SCRATCH.h */ = {isa = PBXFileReference; lastKnownFileType = sourcecode.c.h; name = SCRATCH.h; path = ../../src/SCRATCH.h; sourceTree = "<group>"; };
		0079C1C5282AA1B60045EAD7 /* SCRATCH.cpp */ = {isa = PBXFileReference; lastKnownFileType = sourcecode.cpp.cpp; name = SCRATCH.cpp; path = ../../src/SCRATCH.cpp; sourceTree = "<group>"; };
		0079C1C7282AA1D20045EAD7 /* main_driver.cpp */ = {isa = PBXFileReference; lastKnownFileType = sourcecode.cpp.cpp; name = main_driver.cpp; path = ../../src/main_driver.cpp; sourceTree = "<group>"; };
/* End PBXFileReference section */

/* Begin PBXFrameworksBuildPhase section */
		0079C1AD2829C5970045EAD7 /* Frameworks */ = {
			isa = PBXFrameworksBuildPhase;
			buildActionMask = 2147483647;
			files = (
			);
			runOnlyForDeploymentPostprocessing = 0;
		};
/* End PBXFrameworksBuildPhase section */

/* Begin PBXGroup section */
		0079C1A72829C5970045EAD7 = {
			isa = PBXGroup;
			children = (
				0079C1B22829C5970045EAD7 /* packaging-toolbox */,
				0079C1B12829C5970045EAD7 /* Products */,
			);
			sourceTree = "<group>";
		};
		0079C1B12829C5970045EAD7 /* Products */ = {
			isa = PBXGroup;
			children = (
				0079C1B02829C5970045EAD7 /* packaging-toolbox */,
			);
			name = Products;
			sourceTree = "<group>";
		};
		0079C1B22829C5970045EAD7 /* packaging-toolbox */ = {
			isa = PBXGroup;
			children = (
				0079C1BA2829C5AD0045EAD7 /* ASD.cpp */,
				0079C1BB2829C5AD0045EAD7 /* ASD.h */,
				0079C1C4282AA1990045EAD7 /* SCRATCH.h */,
				0079C1C5282AA1B60045EAD7 /* SCRATCH.cpp */,
				002EB7EE282C8FBD00A7CDC9 /* Steinberg.h */,
				002EB7EF282C8FD400A7CDC9 /* Steinberg.cpp */,
				000F6204282D2C11000B4077 /* Component.h */,
				000F6205282D2C25000B4077 /* Component.cpp */,
				000F6207282E76E1000B4077 /* Components.h */,
				0079C1C7282AA1D20045EAD7 /* main_driver.cpp */,
			);
			path = "packaging-toolbox";
			sourceTree = "<group>";
		};
/* End PBXGroup section */

/* Begin PBXNativeTarget section */
		0079C1AF2829C5970045EAD7 /* packaging-toolbox */ = {
			isa = PBXNativeTarget;
			buildConfigurationList = 0079C1B72829C5970045EAD7 /* Build configuration list for PBXNativeTarget "packaging-toolbox" */;
			buildPhases = (
				0079C1AC2829C5970045EAD7 /* Sources */,
				0079C1AD2829C5970045EAD7 /* Frameworks */,
				0079C1AE2829C5970045EAD7 /* CopyFiles */,
			);
			buildRules = (
			);
			dependencies = (
			);
			name = "packaging-toolbox";
			productName = "packaging-toolbox";
			productReference = 0079C1B02829C5970045EAD7 /* packaging-toolbox */;
			productType = "com.apple.product-type.tool";
		};
/* End PBXNativeTarget section */

/* Begin PBXProject section */
		0079C1A82829C5970045EAD7 /* Project object */ = {
			isa = PBXProject;
			attributes = {
				LastUpgradeCheck = 0920;
				ORGANIZATIONNAME = "Christopher Kim";
				TargetAttributes = {
					0079C1AF2829C5970045EAD7 = {
						CreatedOnToolsVersion = 9.2;
						ProvisioningStyle = Automatic;
					};
				};
			};
			buildConfigurationList = 0079C1AB2829C5970045EAD7 /* Build configuration list for PBXProject "packaging-toolbox" */;
			compatibilityVersion = "Xcode 8.0";
			developmentRegion = en;
			hasScannedForEncodings = 0;
			knownRegions = (
				en,
			);
			mainGroup = 0079C1A72829C5970045EAD7;
			productRefGroup = 0079C1B12829C5970045EAD7 /* Products */;
			projectDirPath = "";
			projectRoot = "";
			targets = (
				0079C1AF2829C5970045EAD7 /* packaging-toolbox */,
			);
		};
/* End PBXProject section */

/* Begin PBXSourcesBuildPhase section */
		0079C1AC2829C5970045EAD7 /* Sources */ = {
			isa = PBXSourcesBuildPhase;
			buildActionMask = 2147483647;
			files = (
				0079C1C6282AA1B60045EAD7 /* SCRATCH.cpp in Sources */,
				002EB7F0282C8FD400A7CDC9 /* Steinberg.cpp in Sources */,
				0079C1BC2829C5AD0045EAD7 /* ASD.cpp in Sources */,
				0079C1C8282AA1D20045EAD7 /* main_driver.cpp in Sources */,
				000F6206282D2C25000B4077 /* Component.cpp in Sources */,
			);
			runOnlyForDeploymentPostprocessing = 0;
		};
/* End PBXSourcesBuildPhase section */

/* Begin XCBuildConfiguration section */
		0079C1B52829C5970045EAD7 /* Debug */ = {
			isa = XCBuildConfiguration;
			buildSettings = {
				ALWAYS_SEARCH_USER_PATHS = NO;
				CLANG_ANALYZER_NONNULL = YES;
				CLANG_ANALYZER_NUMBER_OBJECT_CONVERSION = YES_AGGRESSIVE;
				CLANG_CXX_LANGUAGE_STANDARD = "gnu++14";
				CLANG_CXX_LIBRARY = "libc++";
				CLANG_ENABLE_MODULES = YES;
				CLANG_ENABLE_OBJC_ARC = YES;
				CLANG_WARN_BLOCK_CAPTURE_AUTORELEASING = YES;
				CLANG_WARN_BOOL_CONVERSION = YES;
				CLANG_WARN_COMMA = YES;
				CLANG_WARN_CONSTANT_CONVERSION = YES;
				CLANG_WARN_DIRECT_OBJC_ISA_USAGE = YES_ERROR;
				CLANG_WARN_DOCUMENTATION_COMMENTS = YES;
				CLANG_WARN_EMPTY_BODY = YES;
				CLANG_WARN_ENUM_CONVERSION = YES;
				CLANG_WARN_INFINITE_RECURSION = YES;
				CLANG_WARN_INT_CONVERSION = YES;
				CLANG_WARN_NON_LITERAL_NULL_CONVERSION = YES;
				CLANG_WARN_OBJC_LITERAL_CONVERSION = YES;
				CLANG_WARN_OBJC_ROOT_CLASS = YES_ERROR;
				CLANG_WARN_RANGE_LOOP_ANALYSIS = YES;
				CLANG_WARN_STRICT_PROTOTYPES = YES;
				CLANG_WARN_SUSPICIOUS_MOVE = YES;
				CLANG_WARN_UNGUARDED_AVAILABILITY = YES_AGGRESSIVE;
				CLANG_WARN_UNREACHABLE_CODE = YES;
				CLANG_WARN__DUPLICATE_METHOD_MATCH = YES;
				CODE_SIGN_IDENTITY = "-";
				COPY_PHASE_STRIP = NO;
				DEBUG_INFORMATION_FORMAT = dwarf;
				ENABLE_STRICT_OBJC_MSGSEND = YES;
				ENABLE_TESTABILITY = YES;
				GCC_C_LANGUAGE_STANDARD = gnu11;
				GCC_DYNAMIC_NO_PIC = NO;
				GCC_NO_COMMON_BLOCKS = YES;
				GCC_OPTIMIZATION_LEVEL = 0;
				GCC_PREPROCESSOR_DEFINITIONS = (
					"DEBUG=1",
					"$(inherited)",
				);
				GCC_WARN_64_TO_32_BIT_CONVERSION = YES;
				GCC_WARN_ABOUT_RETURN_TYPE = YES_ERROR;
				GCC_WARN_UNDECLARED_SELECTOR = YES;
				GCC_WARN_UNINITIALIZED_AUTOS = YES_AGGRESSIVE;
				GCC_WARN_UNUSED_FUNCTION = YES;
				GCC_WARN_UNUSED_VARIABLE = YES;
				MACOSX_DEPLOYMENT_TARGET = 10.12;
				MTL_ENABLE_DEBUG_INFO = YES;
				ONLY_ACTIVE_ARCH = YES;
				SDKROOT = macosx;
			};
			name = Debug;
		};
		0079C1B62829C5970045EAD7 /* Release */ = {
			isa = XCBuildConfiguration;
			buildSettings = {
				ALWAYS_SEARCH_USER_PATHS = NO;
				CLANG_ANALYZER_NONNULL = YES;
				CLANG_ANALYZER_NUMBER_OBJECT_CONVERSION = YES_AGGRESSIVE;
				CLANG_CXX_LANGUAGE_STANDARD = "gnu++14";
				CLANG_CXX_LIBRARY = "libc++";
				CLANG_ENABLE_MODULES = YES;
				CLANG_ENABLE_OBJC_ARC = YES;
				CLANG_WARN_BLOCK_CAPTURE_AUTORELEASING = YES;
				CLANG_WARN_BOOL_CONVERSION = YES;
				CLANG_WARN_COMMA = YES;
				CLANG_WARN_CONSTANT_CONVERSION = YES;
				CLANG_WARN_DIRECT_OBJC_ISA_USAGE = YES_ERROR;
				CLANG_WARN_DOCUMENTATION_COMMENTS = YES;
				CLANG_WARN_EMPTY_BODY = YES;
				CLANG_WARN_ENUM_CONVERSION = YES;
				CLANG_WARN_INFINITE_RECURSION = YES;
				CLANG_WARN_INT_CONVERSION = YES;
				CLANG_WARN_NON_LITERAL_NULL_CONVERSION = YES;
				CLANG_WARN_OBJC_LITERAL_CONVERSION = YES;
				CLANG_WARN_OBJC_ROOT_CLASS = YES_ERROR;
				CLANG_WARN_RANGE_LOOP_ANALYSIS = YES;
				CLANG_WARN_STRICT_PROTOTYPES = YES;
				CLANG_WARN_SUSPICIOUS_MOVE = YES;
				CLANG_WARN_UNGUARDED_AVAILABILITY = YES_AGGRESSIVE;
				CLANG_WARN_UNREACHABLE_CODE = YES;
				CLANG_WARN__DUPLICATE_METHOD_MATCH = YES;
				CODE_SIGN_IDENTITY = "-";
				COPY_PHASE_STRIP = NO;
				DEBUG_INFORMATION_FORMAT = "dwarf-with-dsym";
				ENABLE_NS_ASSERTIONS = NO;
				ENABLE_STRICT_OBJC_MSGSEND = YES;
				GCC_C_LANGUAGE_STANDARD = gnu11;
				GCC_NO_COMMON_BLOCKS = YES;
				GCC_WARN_64_TO_32_BIT_CONVERSION = YES;
				GCC_WARN_ABOUT_RETURN_TYPE = YES_ERROR;
				GCC_WARN_UNDECLARED_SELECTOR = YES;
				GCC_WARN_UNINITIALIZED_AUTOS = YES_AGGRESSIVE;
				GCC_WARN_UNUSED_FUNCTION = YES;
				GCC_WARN_UNUSED_VARIABLE = YES;
				MACOSX_DEPLOYMENT_TARGET = 10.12;
				MTL_ENABLE_DEBUG_INFO = NO;
				SDKROOT = macosx;
			};
			name = Release;
		};
		0079C1B82829C5970045EAD7 /* Debug */ = {
			isa = XCBuildConfiguration;
			buildSettings = {
				CODE_SIGN_STYLE = Automatic;
				PRODUCT_NAME = "$(TARGET_NAME)";
			};
			name = Debug;
		};
		0079C1B92829C5970045EAD7 /* Release */ = {
			isa = XCBuildConfiguration;
			buildSettings = {
				CODE_SIGN_STYLE = Automatic;
				PRODUCT_NAME = "$(TARGET_NAME)";
			};
			name = Release;
		};
/* End XCBuildConfiguration section */

/* Begin XCConfigurationList section */
		0079C1AB2829C5970045EAD7 /* Build configuration list for PBXProject "packaging-toolbox" */ = {
			isa = XCConfigurationList;
			buildConfigurations = (
				0079C1B52829C5970045EAD7 /* Debug */,
				0079C1B62829C5970045EAD7 /* Release */,
			);
			defaultConfigurationIsVisible = 0;
			defaultConfigurationName = Release;
		};
		0079C1B72829C5970045EAD7 /* Build configuration list for PBXNativeTarget "packaging-toolbox" */ = {
			isa = XCConfigurationList;
			buildConfigurations = (
				0079C1B82829C5970045EAD7 /* Debug */,
				0079C1B92829C5970045EAD7 /* Release */,
			);
			defaultConfigurationIsVisible = 0;
			defaultConfigurationName = Release;
		};
/* End XCConfigurationList section */
	};
	rootObject = 0079C1A82829C5970045EAD7 /* Project object */;
}
